
Microsoft Visual Studio Solution File, Format Version 12.00
# Visual Studio 14
VisualStudioVersion = 14.0.25420.1
MinimumVisualStudioVersion = 10.0.40219.1
Project("{FAE04EC0-301F-11D3-BF4B-00C04F79EFBC}") = "ConsoleTester", "ConsoleTester\ConsoleTester.csproj", "{0ADD5DEE-1A2E-4FF5-B5D2-7DDB8C3087FA}"
EndProject
Project("{FAE04EC0-301F-11D3-BF4B-00C04F79EFBC}") = "BotClient", "BotClient\BotClient.csproj", "{7393B8D6-32CC-41DE-9AF6-23F1CDF68F04}"
EndProject
Project("{FAE04EC0-301F-11D3-BF4B-00C04F79EFBC}") = "SoulTester", "SoulTester\SoulTester.csproj", "{B2769B26-7EA8-4EEF-9C3F-64C9D057F341}"
EndProject
Project("{FAE04EC0-301F-11D3-BF4B-00C04F79EFBC}") = "SoulCollector", "SoulCollector\SoulCollector.csproj", "{0943DEFF-75A5-47EB-B4ED-83FD355A179F}"
EndProject
Global
	GlobalSection(SolutionConfigurationPlatforms) = preSolution
		Debug|Any CPU = Debug|Any CPU
		Release|Any CPU = Release|Any CPU
	EndGlobalSection
	GlobalSection(ProjectConfigurationPlatforms) = postSolution
		{0ADD5DEE-1A2E-4FF5-B5D2-7DDB8C3087FA}.Debug|Any CPU.ActiveCfg = Debug|Any CPU
		{0ADD5DEE-1A2E-4FF5-B5D2-7DDB8C3087FA}.Debug|Any CPU.Build.0 = Debug|Any CPU
		{0ADD5DEE-1A2E-4FF5-B5D2-7DDB8C3087FA}.Release|Any CPU.ActiveCfg = Release|Any CPU
		{0ADD5DEE-1A2E-4FF5-B5D2-7DDB8C3087FA}.Release|Any CPU.Build.0 = Release|Any CPU
		{7393B8D6-32CC-41DE-9AF6-23F1CDF68F04}.Debug|Any CPU.ActiveCfg = Debug|Any CPU
		{7393B8D6-32CC-41DE-9AF6-23F1CDF68F04}.Debug|Any CPU.Build.0 = Debug|Any CPU
		{7393B8D6-32CC-41DE-9AF6-23F1CDF68F04}.Release|Any CPU.ActiveCfg = Release|Any CPU
		{7393B8D6-32CC-41DE-9AF6-23F1CDF68F04}.Release|Any CPU.Build.0 = Release|Any CPU
		{B2769B26-7EA8-4EEF-9C3F-64C9D057F341}.Debug|Any CPU.ActiveCfg = Debug|Any CPU
		{B2769B26-7EA8-4EEF-9C3F-64C9D057F341}.Debug|Any CPU.Build.0 = Debug|Any CPU
		{B2769B26-7EA8-4EEF-9C3F-64C9D057F341}.Release|Any CPU.ActiveCfg = Release|Any CPU
		{B2769B26-7EA8-4EEF-9C3F-64C9D057F341}.Release|Any CPU.Build.0 = Release|Any CPU
		{0943DEFF-75A5-47EB-B4ED-83FD355A179F}.Debug|Any CPU.ActiveCfg = Debug|Any CPU
		{0943DEFF-75A5-47EB-B4ED-83FD355A179F}.Debug|Any CPU.Build.0 = Debug|Any CPU
		{0943DEFF-75A5-47EB-B4ED-83FD355A179F}.Release|Any CPU.ActiveCfg = Release|Any CPU
		{0943DEFF-75A5-47EB-B4ED-83FD355A179F}.Release|Any CPU.Build.0 = Release|Any CPU
	EndGlobalSection
	GlobalSection(SolutionProperties) = preSolution
		HideSolutionNode = FALSE
	EndGlobalSection
	GlobalSection(ExtensibilityGlobals) = postSolution
		SolutionGuid = {B5ED4EF6-0FC4-452D-A5DD-906DAFC10E14}
	EndGlobalSection
EndGlobal
